github.com/tarper24/paige v0.28.0 h1:w+RRmwzuNcOp0fZARiR4owxBigjRGGgZzZAw60RYlng=
github.com/tarper24/paige v0.28.0/go.mod h1:8DCeMsErRb+5nk1bgyX+NUfYnMeLchvNFWeu6Dp73hY=
github.com/tarper24/paige v0.28.3-t24 h1:xeOyS6kXIDjSKIYCBWpLM7UGcPC6qjiyd0MRH0VCm0w=
github.com/tarper24/paige v0.28.3-t24/go.mod h1:8DCeMsErRb+5nk1bgyX+NUfYnMeLchvNFWeu6Dp73hY=
github.com/tarper24/paige v0.28.4-t24 h1:2DHDH5l7m6MgCvjm+jy6cPk9M74CiAyXCmFaYBVLhqI=
github.com/tarper24/paige v0.28.4-t24/go.mod h1:8DCeMsErRb+5nk1bgyX+NUfYnMeLchvNFWeu6Dp73hY=
